{
  "version": "4",
  "specifiers": {
    "npm:@biomejs/biome@*": "1.9.4",
    "npm:@biomejs/biome@1.9.4": "1.9.4",
    "npm:@material/material-color-utilities@0.3": "0.3.0",
    "npm:deepmerge-ts@^7.1.5": "7.1.5",
    "npm:extract-colors@^4.1.1": "4.1.1",
    "npm:immutable@5.0.3": "5.0.3",
    "npm:lenis@^1.2.3": "1.2.3"
  },
  "npm": {
    "@biomejs/biome@1.9.4": {
      "integrity": "sha512-1rkd7G70+o9KkTn5KLmDYXihGoTaIGO9PIIN2ZB7UJxFrWw04CZHPYiMRjYsaDvVV7hP1dYNRLxSANLaBFGpog==",
      "dependencies": [
        "@biomejs/cli-darwin-arm64",
        "@biomejs/cli-darwin-x64",
        "@biomejs/cli-linux-arm64",
        "@biomejs/cli-linux-arm64-musl",
        "@biomejs/cli-linux-x64",
        "@biomejs/cli-linux-x64-musl",
        "@biomejs/cli-win32-arm64",
        "@biomejs/cli-win32-x64"
      ]
    },
    "@biomejs/cli-darwin-arm64@1.9.4": {
      "integrity": "sha512-bFBsPWrNvkdKrNCYeAp+xo2HecOGPAy9WyNyB/jKnnedgzl4W4Hb9ZMzYNbf8dMCGmUdSavlYHiR01QaYR58cw=="
    },
    "@biomejs/cli-darwin-x64@1.9.4": {
      "integrity": "sha512-ngYBh/+bEedqkSevPVhLP4QfVPCpb+4BBe2p7Xs32dBgs7rh9nY2AIYUL6BgLw1JVXV8GlpKmb/hNiuIxfPfZg=="
    },
    "@biomejs/cli-linux-arm64-musl@1.9.4": {
      "integrity": "sha512-v665Ct9WCRjGa8+kTr0CzApU0+XXtRgwmzIf1SeKSGAv+2scAlW6JR5PMFo6FzqqZ64Po79cKODKf3/AAmECqA=="
    },
    "@biomejs/cli-linux-arm64@1.9.4": {
      "integrity": "sha512-fJIW0+LYujdjUgJJuwesP4EjIBl/N/TcOX3IvIHJQNsAqvV2CHIogsmA94BPG6jZATS4Hi+xv4SkBBQSt1N4/g=="
    },
    "@biomejs/cli-linux-x64-musl@1.9.4": {
      "integrity": "sha512-gEhi/jSBhZ2m6wjV530Yy8+fNqG8PAinM3oV7CyO+6c3CEh16Eizm21uHVsyVBEB6RIM8JHIl6AGYCv6Q6Q9Tg=="
    },
    "@biomejs/cli-linux-x64@1.9.4": {
      "integrity": "sha512-lRCJv/Vi3Vlwmbd6K+oQ0KhLHMAysN8lXoCI7XeHlxaajk06u7G+UsFSO01NAs5iYuWKmVZjmiOzJ0OJmGsMwg=="
    },
    "@biomejs/cli-win32-arm64@1.9.4": {
      "integrity": "sha512-tlbhLk+WXZmgwoIKwHIHEBZUwxml7bRJgk0X2sPyNR3S93cdRq6XulAZRQJ17FYGGzWne0fgrXBKpl7l4M87Hg=="
    },
    "@biomejs/cli-win32-x64@1.9.4": {
      "integrity": "sha512-8Y5wMhVIPaWe6jw2H+KlEm4wP/f7EW3810ZLmDlrEEy5KvBsb9ECEfu/kMWD484ijfQ8+nIi0giMgu9g1UAuuA=="
    },
    "@material/material-color-utilities@0.3.0": {
      "integrity": "sha512-ztmtTd6xwnuh2/xu+Vb01btgV8SQWYCaK56CkRK8gEkWe5TuDyBcYJ0wgkMRn+2VcE9KUmhvkz+N9GHrqw/C0g=="
    },
    "deepmerge-ts@7.1.5": {
      "integrity": "sha512-HOJkrhaYsweh+W+e74Yn7YStZOilkoPb6fycpwNLKzSPtruFs48nYis0zy5yJz1+ktUhHxoRDJ27RQAWLIJVJw=="
    },
    "extract-colors@4.1.1": {
      "integrity": "sha512-Gi56cSrlCWr1DnX+0hN6c12auiAtQwyq5SI1GXb/jxmKKADGbshOYvfOq8YPCicBi9LdBLJstCUu0r1HzjlNXg=="
    },
    "immutable@5.0.3": {
      "integrity": "sha512-P8IdPQHq3lA1xVeBRi5VPqUm5HDgKnx0Ru51wZz5mjxHr5n3RWhjIpOFU7ybkUxfB+5IToy+OLaHYDBIWsv+uw=="
    },
    "lenis@1.2.3": {
      "integrity": "sha512-H3VUn62jvQPfyxGW2F0STJPhP1VzX5r05KtiZ0uxHYD9xtbfTvj2eX/Km26+x13zlaKfHacEe1DTC3ouFrxw+g=="
    }
  },
  "remote": {
    "https://esm.sh/deepmerge-ts@7.1.5": "df42e79f2be85a3403a9bb98f92cbcf93ae46c76dfb8a17af34159f22f4dafd5",
    "https://esm.sh/deepmerge-ts@7.1.5/denonext/deepmerge-ts.mjs": "b399738ad7c2fa702a0e4db916382fd21eef865b844f4f1e4b8689ea1af6227c",
    "https://esm.sh/extract-colors@4.1.1": "250571b32df47ed0e718330af8499512b4309456137a2355f5e1e861d051d13e",
    "https://esm.sh/extract-colors@4.1.1/denonext/extract-colors.mjs": "8d2a9b4a5f0c0113a7ddc904d7a54df7e88d660dc0b39f67ecfb4eafde1ccc70"
  },
  "workspace": {
    "dependencies": [
      "npm:@material/material-color-utilities@0.3",
      "npm:deepmerge-ts@^7.1.5",
      "npm:extract-colors@^4.1.1",
      "npm:immutable@5.0.3",
      "npm:lenis@^1.2.3"
    ]
  }
}
